
Microsoft Visual Studio Solution File, Format Version 12.00
# Visual Studio Version 16
VisualStudioVersion = 16.0.29709.97
MinimumVisualStudioVersion = 10.0.40219.1
Project("{FAE04EC0-301F-11D3-BF4B-00C04F79EFBC}") = "kassasysteem", "kassasysteem\kassasysteem.csproj", "{807EE2B9-C272-410E-AA98-70FECAFF6A4B}"
EndProject
Global
	GlobalSection(SolutionConfigurationPlatforms) = preSolution
		Debug|Any CPU = Debug|Any CPU
		Release|Any CPU = Release|Any CPU
	EndGlobalSection
	GlobalSection(ProjectConfigurationPlatforms) = postSolution
		{807EE2B9-C272-410E-AA98-70FECAFF6A4B}.Debug|Any CPU.ActiveCfg = Debug|Any CPU
		{807EE2B9-C272-410E-AA98-70FECAFF6A4B}.Debug|Any CPU.Build.0 = Debug|Any CPU
		{807EE2B9-C272-410E-AA98-70FECAFF6A4B}.Release|Any CPU.ActiveCfg = Release|Any CPU
		{807EE2B9-C272-410E-AA98-70FECAFF6A4B}.Release|Any CPU.Build.0 = Release|Any CPU
	EndGlobalSection
	GlobalSection(SolutionProperties) = preSolution
		HideSolutionNode = FALSE
	EndGlobalSection
	GlobalSection(ExtensibilityGlobals) = postSolution
		SolutionGuid = {4CA9AE0A-2031-4C97-B77B-9D23E5DC80D4}
	EndGlobalSection
EndGlobal
